
Microsoft Visual Studio Solution File, Format Version 12.00
# Visual Studio Version 17
VisualStudioVersion = 17.14.36414.22 d17.14
MinimumVisualStudioVersion = 10.0.40219.1
Project("{FAE04EC0-301F-11D3-BF4B-00C04F79EFBC}") = "AgroindustryManagement", "AgroindustryManagement\AgroindustryManagement.csproj", "{907CF5D1-760B-4468-BCCC-C361613BE2B8}"
EndProject
Project("{FAE04EC0-301F-11D3-BF4B-00C04F79EFBC}") = "Tests", "Tests\Tests.csproj", "{1E683B0E-15C7-4344-B2C1-908721BE4870}"
EndProject
Global
	GlobalSection(SolutionConfigurationPlatforms) = preSolution
		Debug|Any CPU = Debug|Any CPU
		Release|Any CPU = Release|Any CPU
	EndGlobalSection
	GlobalSection(ProjectConfigurationPlatforms) = postSolution
		{907CF5D1-760B-4468-BCCC-C361613BE2B8}.Debug|Any CPU.ActiveCfg = Debug|Any CPU
		{907CF5D1-760B-4468-BCCC-C361613BE2B8}.Debug|Any CPU.Build.0 = Debug|Any CPU
		{907CF5D1-760B-4468-BCCC-C361613BE2B8}.Release|Any CPU.ActiveCfg = Release|Any CPU
		{907CF5D1-760B-4468-BCCC-C361613BE2B8}.Release|Any CPU.Build.0 = Release|Any CPU
		{1E683B0E-15C7-4344-B2C1-908721BE4870}.Debug|Any CPU.ActiveCfg = Debug|Any CPU
		{1E683B0E-15C7-4344-B2C1-908721BE4870}.Debug|Any CPU.Build.0 = Debug|Any CPU
		{1E683B0E-15C7-4344-B2C1-908721BE4870}.Release|Any CPU.ActiveCfg = Release|Any CPU
		{1E683B0E-15C7-4344-B2C1-908721BE4870}.Release|Any CPU.Build.0 = Release|Any CPU
	EndGlobalSection
	GlobalSection(SolutionProperties) = preSolution
		HideSolutionNode = FALSE
	EndGlobalSection
	GlobalSection(ExtensibilityGlobals) = postSolution
		SolutionGuid = {1EC953D8-4881-468E-8229-CF5AA166EB09}
	EndGlobalSection
EndGlobal
